{
  "name": "time-tracker",
  "version": "1.0.27",
  "lockfileVersion": 3,
  "requires": true,
  "packages": {
    "": {
      "name": "time-tracker",
      "version": "1.0.27",
      "devDependencies": {
        "@types/node": "^20.0.0",
        "@types/vscode": "^1.85.0",
        "chartjs-chart-treemap": "^3.1.0",
        "typescript": "^5.0.0"
      },
      "engines": {
        "vscode": "^1.85.0"
      }
    },
    "node_modules/@kurkle/color": {
      "version": "0.3.4",
      "resolved": "https://registry.npmjs.org/@kurkle/color/-/color-0.3.4.tgz",
      "integrity": "sha512-M5UknZPHRu3DEDWoipU6sE8PdkZ6Z/S+v4dD+Ke8IaNlpdSQah50lz1KtcFBa2vsdOnwbbnxJwVM4wty6udA5w==",
      "dev": true,
      "license": "MIT"
    },
    "node_modules/@types/node": {
      "version": "20.19.37",
      "resolved": "https://registry.npmjs.org/@types/node/-/node-20.19.37.tgz",
      "integrity": "sha512-8kzdPJ3FsNsVIurqBs7oodNnCEVbni9yUEkaHbgptDACOPW04jimGagZ51E6+lXUwJjgnBw+hyko/lkFWCldqw==",
      "dev": true,
      "license": "MIT",
      "dependencies": {
        "undici-types": "~6.21.0"
      }
    },
    "node_modules/@types/vscode": {
      "version": "1.85.0",
      "resolved": "https://registry.npmjs.org/@types/vscode/-/vscode-1.85.0.tgz",
      "integrity": "sha512-CF/RBon/GXwdfmnjZj0WTUMZN5H6YITOfBCP4iEZlOtVQXuzw6t7Le7+cR+7JzdMrnlm7Mfp49Oj2TuSXIWo3g==",
      "dev": true,
      "license": "MIT"
    },
    "node_modules/chart.js": {
      "version": "4.5.1",
      "resolved": "https://registry.npmjs.org/chart.js/-/chart.js-4.5.1.tgz",
      "integrity": "sha512-GIjfiT9dbmHRiYi6Nl2yFCq7kkwdkp1W/lp2J99rX0yo9tgJGn3lKQATztIjb5tVtevcBtIdICNWqlq5+E8/Pw==",
      "dev": true,
      "license": "MIT",
      "peer": true,
      "dependencies": {
        "@kurkle/color": "^0.3.0"
      },
      "engines": {
        "pnpm": ">=8"
      }
    },
    "node_modules/chartjs-chart-treemap": {
      "version": "3.1.0",
      "resolved": "https://registry.npmjs.org/chartjs-chart-treemap/-/chartjs-chart-treemap-3.1.0.tgz",
      "integrity": "sha512-0LJxj4J9sCTHmrXCFlqtoBKMJDcS7VzFeRgNBRZRwU1QSpCXJKTNk5TysPEs5/YW0XYvZoN8u44RqqLf0pAzQw==",
      "dev": true,
      "license": "MIT",
      "peerDependencies": {
        "chart.js": ">=3.0.0"
      }
    },
    "node_modules/typescript": {
      "version": "5.9.3",
      "resolved": "https://registry.npmjs.org/typescript/-/typescript-5.9.3.tgz",
      "integrity": "sha512-jl1vZzPDinLr9eUt3J/t7V6FgNEw9QjvBPdysz9KfQDD41fQrC2Y4vKQdiaUpFT4bXlb1RHhLpp8wtm6M5TgSw==",
      "dev": true,
      "license": "Apache-2.0",
      "bin": {
        "tsc": "bin/tsc",
        "tsserver": "bin/tsserver"
      },
      "engines": {
        "node": ">=14.17"
      }
    },
    "node_modules/undici-types": {
      "version": "6.21.0",
      "resolved": "https://registry.npmjs.org/undici-types/-/undici-types-6.21.0.tgz",
      "integrity": "sha512-iwDZqg0QAGrg9Rav5H4n0M64c3mkR59cJ6wQp+7C4nI0gsmExaedaYLNO44eT4AtBBwjbTiGPMlt2Md0T9H9JQ==",
      "dev": true,
      "license": "MIT"
    }
  }
}
